
Microsoft Visual Studio Solution File, Format Version 12.00
# Visual Studio Version 17
VisualStudioVersion = 17.0.31903.59
MinimumVisualStudioVersion = 10.0.40219.1
Project("{2150E333-8FDC-42A3-9474-1A3956D46DE8}") = "src", "src", "{827E0CD3-B72D-47B6-A68D-7590B98EB39B}"
EndProject
Project("{FAE04EC0-301F-11D3-BF4B-00C04F79EFBC}") = "Zappy.Domain", "src\Zappy.Domain\Zappy.Domain.csproj", "{D0ED16FF-5F65-4801-A3F4-5115D73700A5}"
EndProject
Project("{FAE04EC0-301F-11D3-BF4B-00C04F79EFBC}") = "Zappy.Application", "src\Zappy.Application\Zappy.Application.csproj", "{1794719D-8716-4CDE-A034-BCEEF3828A11}"
EndProject
Project("{FAE04EC0-301F-11D3-BF4B-00C04F79EFBC}") = "Zappy.Adapters.GraphQL", "src\Zappy.Adapters.GraphQL\Zappy.Adapters.GraphQL.csproj", "{DE126E0A-DD7B-4910-BFBE-7F6A5782A79D}"
EndProject
Project("{FAE04EC0-301F-11D3-BF4B-00C04F79EFBC}") = "Zappy.Adapters.Persistence", "src\Zappy.Adapters.Persistence\Zappy.Adapters.Persistence.csproj", "{F57040A3-3E5B-4B02-9553-EC5C93829818}"
EndProject
Project("{FAE04EC0-301F-11D3-BF4B-00C04F79EFBC}") = "Zappy.Adapters.Security", "src\Zappy.Adapters.Security\Zappy.Adapters.Security.csproj", "{9EA873ED-E3ED-4A31-9DAC-8D4753FFFE43}"
EndProject
Project("{FAE04EC0-301F-11D3-BF4B-00C04F79EFBC}") = "Zappy.Adapters.Mail", "src\Zappy.Adapters.Mail\Zappy.Adapters.Mail.csproj", "{6656E3D0-9130-4D99-9A73-6AD36E02384D}"
EndProject
Project("{FAE04EC0-301F-11D3-BF4B-00C04F79EFBC}") = "Zappy.Host", "src\Zappy.Host\Zappy.Host.csproj", "{DF5AA03A-9A99-4B7F-91A6-316A3AA0661D}"
EndProject
Project("{2150E333-8FDC-42A3-9474-1A3956D46DE8}") = "tests", "tests", "{0AB3BF05-4346-4AA6-1389-037BE0695223}"
EndProject
Project("{FAE04EC0-301F-11D3-BF4B-00C04F79EFBC}") = "Zappy.Domain.Tests", "tests\Zappy.Domain.Tests\Zappy.Domain.Tests.csproj", "{65131882-DAC9-42DC-B145-2BD664244EDB}"
EndProject
Project("{FAE04EC0-301F-11D3-BF4B-00C04F79EFBC}") = "Zappy.Application.Tests", "tests\Zappy.Application.Tests\Zappy.Application.Tests.csproj", "{371E3CCA-3B9A-4011-AC4A-B6EBC1FF2DAB}"
EndProject
Project("{FAE04EC0-301F-11D3-BF4B-00C04F79EFBC}") = "Zappy.Adapters.Tests", "tests\Zappy.Adapters.Tests\Zappy.Adapters.Tests.csproj", "{AF792471-F681-4EBB-ADA2-5C9DCEFE3DBA}"
EndProject
Global
	GlobalSection(SolutionConfigurationPlatforms) = preSolution
		Debug|Any CPU = Debug|Any CPU
		Debug|x64 = Debug|x64
		Debug|x86 = Debug|x86
		Release|Any CPU = Release|Any CPU
		Release|x64 = Release|x64
		Release|x86 = Release|x86
	EndGlobalSection
	GlobalSection(ProjectConfigurationPlatforms) = postSolution
		{D0ED16FF-5F65-4801-A3F4-5115D73700A5}.Debug|Any CPU.ActiveCfg = Debug|Any CPU
		{D0ED16FF-5F65-4801-A3F4-5115D73700A5}.Debug|Any CPU.Build.0 = Debug|Any CPU
		{D0ED16FF-5F65-4801-A3F4-5115D73700A5}.Debug|x64.ActiveCfg = Debug|Any CPU
		{D0ED16FF-5F65-4801-A3F4-5115D73700A5}.Debug|x64.Build.0 = Debug|Any CPU
		{D0ED16FF-5F65-4801-A3F4-5115D73700A5}.Debug|x86.ActiveCfg = Debug|Any CPU
		{D0ED16FF-5F65-4801-A3F4-5115D73700A5}.Debug|x86.Build.0 = Debug|Any CPU
		{D0ED16FF-5F65-4801-A3F4-5115D73700A5}.Release|Any CPU.ActiveCfg = Release|Any CPU
		{D0ED16FF-5F65-4801-A3F4-5115D73700A5}.Release|Any CPU.Build.0 = Release|Any CPU
		{D0ED16FF-5F65-4801-A3F4-5115D73700A5}.Release|x64.ActiveCfg = Release|Any CPU
		{D0ED16FF-5F65-4801-A3F4-5115D73700A5}.Release|x64.Build.0 = Release|Any CPU
		{D0ED16FF-5F65-4801-A3F4-5115D73700A5}.Release|x86.ActiveCfg = Release|Any CPU
		{D0ED16FF-5F65-4801-A3F4-5115D73700A5}.Release|x86.Build.0 = Release|Any CPU
		{1794719D-8716-4CDE-A034-BCEEF3828A11}.Debug|Any CPU.ActiveCfg = Debug|Any CPU
		{1794719D-8716-4CDE-A034-BCEEF3828A11}.Debug|Any CPU.Build.0 = Debug|Any CPU
		{1794719D-8716-4CDE-A034-BCEEF3828A11}.Debug|x64.ActiveCfg = Debug|Any CPU
		{1794719D-8716-4CDE-A034-BCEEF3828A11}.Debug|x64.Build.0 = Debug|Any CPU
		{1794719D-8716-4CDE-A034-BCEEF3828A11}.Debug|x86.ActiveCfg = Debug|Any CPU
		{1794719D-8716-4CDE-A034-BCEEF3828A11}.Debug|x86.Build.0 = Debug|Any CPU
		{1794719D-8716-4CDE-A034-BCEEF3828A11}.Release|Any CPU.ActiveCfg = Release|Any CPU
		{1794719D-8716-4CDE-A034-BCEEF3828A11}.Release|Any CPU.Build.0 = Release|Any CPU
		{1794719D-8716-4CDE-A034-BCEEF3828A11}.Release|x64.ActiveCfg = Release|Any CPU
		{1794719D-8716-4CDE-A034-BCEEF3828A11}.Release|x64.Build.0 = Release|Any CPU
		{1794719D-8716-4CDE-A034-BCEEF3828A11}.Release|x86.ActiveCfg = Release|Any CPU
		{1794719D-8716-4CDE-A034-BCEEF3828A11}.Release|x86.Build.0 = Release|Any CPU
		{DE126E0A-DD7B-4910-BFBE-7F6A5782A79D}.Debug|Any CPU.ActiveCfg = Debug|Any CPU
		{DE126E0A-DD7B-4910-BFBE-7F6A5782A79D}.Debug|Any CPU.Build.0 = Debug|Any CPU
		{DE126E0A-DD7B-4910-BFBE-7F6A5782A79D}.Debug|x64.ActiveCfg = Debug|Any CPU
		{DE126E0A-DD7B-4910-BFBE-7F6A5782A79D}.Debug|x64.Build.0 = Debug|Any CPU
		{DE126E0A-DD7B-4910-BFBE-7F6A5782A79D}.Debug|x86.ActiveCfg = Debug|Any CPU
		{DE126E0A-DD7B-4910-BFBE-7F6A5782A79D}.Debug|x86.Build.0 = Debug|Any CPU
		{DE126E0A-DD7B-4910-BFBE-7F6A5782A79D}.Release|Any CPU.ActiveCfg = Release|Any CPU
		{DE126E0A-DD7B-4910-BFBE-7F6A5782A79D}.Release|Any CPU.Build.0 = Release|Any CPU
		{DE126E0A-DD7B-4910-BFBE-7F6A5782A79D}.Release|x64.ActiveCfg = Release|Any CPU
		{DE126E0A-DD7B-4910-BFBE-7F6A5782A79D}.Release|x64.Build.0 = Release|Any CPU
		{DE126E0A-DD7B-4910-BFBE-7F6A5782A79D}.Release|x86.ActiveCfg = Release|Any CPU
		{DE126E0A-DD7B-4910-BFBE-7F6A5782A79D}.Release|x86.Build.0 = Release|Any CPU
		{F57040A3-3E5B-4B02-9553-EC5C93829818}.Debug|Any CPU.ActiveCfg = Debug|Any CPU
		{F57040A3-3E5B-4B02-9553-EC5C93829818}.Debug|Any CPU.Build.0 = Debug|Any CPU
		{F57040A3-3E5B-4B02-9553-EC5C93829818}.Debug|x64.ActiveCfg = Debug|Any CPU
		{F57040A3-3E5B-4B02-9553-EC5C93829818}.Debug|x64.Build.0 = Debug|Any CPU
		{F57040A3-3E5B-4B02-9553-EC5C93829818}.Debug|x86.ActiveCfg = Debug|Any CPU
		{F57040A3-3E5B-4B02-9553-EC5C93829818}.Debug|x86.Build.0 = Debug|Any CPU
		{F57040A3-3E5B-4B02-9553-EC5C93829818}.Release|Any CPU.ActiveCfg = Release|Any CPU
		{F57040A3-3E5B-4B02-9553-EC5C93829818}.Release|Any CPU.Build.0 = Release|Any CPU
		{F57040A3-3E5B-4B02-9553-EC5C93829818}.Release|x64.ActiveCfg = Release|Any CPU
		{F57040A3-3E5B-4B02-9553-EC5C93829818}.Release|x64.Build.0 = Release|Any CPU
		{F57040A3-3E5B-4B02-9553-EC5C93829818}.Release|x86.ActiveCfg = Release|Any CPU
		{F57040A3-3E5B-4B02-9553-EC5C93829818}.Release|x86.Build.0 = Release|Any CPU
		{9EA873ED-E3ED-4A31-9DAC-8D4753FFFE43}.Debug|Any CPU.ActiveCfg = Debug|Any CPU
		{9EA873ED-E3ED-4A31-9DAC-8D4753FFFE43}.Debug|Any CPU.Build.0 = Debug|Any CPU
		{9EA873ED-E3ED-4A31-9DAC-8D4753FFFE43}.Debug|x64.ActiveCfg = Debug|Any CPU
		{9EA873ED-E3ED-4A31-9DAC-8D4753FFFE43}.Debug|x64.Build.0 = Debug|Any CPU
		{9EA873ED-E3ED-4A31-9DAC-8D4753FFFE43}.Debug|x86.ActiveCfg = Debug|Any CPU
		{9EA873ED-E3ED-4A31-9DAC-8D4753FFFE43}.Debug|x86.Build.0 = Debug|Any CPU
		{9EA873ED-E3ED-4A31-9DAC-8D4753FFFE43}.Release|Any CPU.ActiveCfg = Release|Any CPU
		{9EA873ED-E3ED-4A31-9DAC-8D4753FFFE43}.Release|Any CPU.Build.0 = Release|Any CPU
		{9EA873ED-E3ED-4A31-9DAC-8D4753FFFE43}.Release|x64.ActiveCfg = Release|Any CPU
		{9EA873ED-E3ED-4A31-9DAC-8D4753FFFE43}.Release|x64.Build.0 = Release|Any CPU
		{9EA873ED-E3ED-4A31-9DAC-8D4753FFFE43}.Release|x86.ActiveCfg = Release|Any CPU
		{9EA873ED-E3ED-4A31-9DAC-8D4753FFFE43}.Release|x86.Build.0 = Release|Any CPU
		{6656E3D0-9130-4D99-9A73-6AD36E02384D}.Debug|Any CPU.ActiveCfg = Debug|Any CPU
		{6656E3D0-9130-4D99-9A73-6AD36E02384D}.Debug|Any CPU.Build.0 = Debug|Any CPU
		{6656E3D0-9130-4D99-9A73-6AD36E02384D}.Debug|x64.ActiveCfg = Debug|Any CPU
		{6656E3D0-9130-4D99-9A73-6AD36E02384D}.Debug|x64.Build.0 = Debug|Any CPU
		{6656E3D0-9130-4D99-9A73-6AD36E02384D}.Debug|x86.ActiveCfg = Debug|Any CPU
		{6656E3D0-9130-4D99-9A73-6AD36E02384D}.Debug|x86.Build.0 = Debug|Any CPU
		{6656E3D0-9130-4D99-9A73-6AD36E02384D}.Release|Any CPU.ActiveCfg = Release|Any CPU
		{6656E3D0-9130-4D99-9A73-6AD36E02384D}.Release|Any CPU.Build.0 = Release|Any CPU
		{6656E3D0-9130-4D99-9A73-6AD36E02384D}.Release|x64.ActiveCfg = Release|Any CPU
		{6656E3D0-9130-4D99-9A73-6AD36E02384D}.Release|x64.Build.0 = Release|Any CPU
		{6656E3D0-9130-4D99-9A73-6AD36E02384D}.Release|x86.ActiveCfg = Release|Any CPU
		{6656E3D0-9130-4D99-9A73-6AD36E02384D}.Release|x86.Build.0 = Release|Any CPU
		{DF5AA03A-9A99-4B7F-91A6-316A3AA0661D}.Debug|Any CPU.ActiveCfg = Debug|Any CPU
		{DF5AA03A-9A99-4B7F-91A6-316A3AA0661D}.Debug|Any CPU.Build.0 = Debug|Any CPU
		{DF5AA03A-9A99-4B7F-91A6-316A3AA0661D}.Debug|x64.ActiveCfg = Debug|Any CPU
		{DF5AA03A-9A99-4B7F-91A6-316A3AA0661D}.Debug|x64.Build.0 = Debug|Any CPU
		{DF5AA03A-9A99-4B7F-91A6-316A3AA0661D}.Debug|x86.ActiveCfg = Debug|Any CPU
		{DF5AA03A-9A99-4B7F-91A6-316A3AA0661D}.Debug|x86.Build.0 = Debug|Any CPU
		{DF5AA03A-9A99-4B7F-91A6-316A3AA0661D}.Release|Any CPU.ActiveCfg = Release|Any CPU
		{DF5AA03A-9A99-4B7F-91A6-316A3AA0661D}.Release|Any CPU.Build.0 = Release|Any CPU
		{DF5AA03A-9A99-4B7F-91A6-316A3AA0661D}.Release|x64.ActiveCfg = Release|Any CPU
		{DF5AA03A-9A99-4B7F-91A6-316A3AA0661D}.Release|x64.Build.0 = Release|Any CPU
		{DF5AA03A-9A99-4B7F-91A6-316A3AA0661D}.Release|x86.ActiveCfg = Release|Any CPU
		{DF5AA03A-9A99-4B7F-91A6-316A3AA0661D}.Release|x86.Build.0 = Release|Any CPU
		{65131882-DAC9-42DC-B145-2BD664244EDB}.Debug|Any CPU.ActiveCfg = Debug|Any CPU
		{65131882-DAC9-42DC-B145-2BD664244EDB}.Debug|Any CPU.Build.0 = Debug|Any CPU
		{65131882-DAC9-42DC-B145-2BD664244EDB}.Debug|x64.ActiveCfg = Debug|Any CPU
		{65131882-DAC9-42DC-B145-2BD664244EDB}.Debug|x64.Build.0 = Debug|Any CPU
		{65131882-DAC9-42DC-B145-2BD664244EDB}.Debug|x86.ActiveCfg = Debug|Any CPU
		{65131882-DAC9-42DC-B145-2BD664244EDB}.Debug|x86.Build.0 = Debug|Any CPU
		{65131882-DAC9-42DC-B145-2BD664244EDB}.Release|Any CPU.ActiveCfg = Release|Any CPU
		{65131882-DAC9-42DC-B145-2BD664244EDB}.Release|Any CPU.Build.0 = Release|Any CPU
		{65131882-DAC9-42DC-B145-2BD664244EDB}.Release|x64.ActiveCfg = Release|Any CPU
		{65131882-DAC9-42DC-B145-2BD664244EDB}.Release|x64.Build.0 = Release|Any CPU
		{65131882-DAC9-42DC-B145-2BD664244EDB}.Release|x86.ActiveCfg = Release|Any CPU
		{65131882-DAC9-42DC-B145-2BD664244EDB}.Release|x86.Build.0 = Release|Any CPU
		{371E3CCA-3B9A-4011-AC4A-B6EBC1FF2DAB}.Debug|Any CPU.ActiveCfg = Debug|Any CPU
		{371E3CCA-3B9A-4011-AC4A-B6EBC1FF2DAB}.Debug|Any CPU.Build.0 = Debug|Any CPU
		{371E3CCA-3B9A-4011-AC4A-B6EBC1FF2DAB}.Debug|x64.ActiveCfg = Debug|Any CPU
		{371E3CCA-3B9A-4011-AC4A-B6EBC1FF2DAB}.Debug|x64.Build.0 = Debug|Any CPU
		{371E3CCA-3B9A-4011-AC4A-B6EBC1FF2DAB}.Debug|x86.ActiveCfg = Debug|Any CPU
		{371E3CCA-3B9A-4011-AC4A-B6EBC1FF2DAB}.Debug|x86.Build.0 = Debug|Any CPU
		{371E3CCA-3B9A-4011-AC4A-B6EBC1FF2DAB}.Release|Any CPU.ActiveCfg = Release|Any CPU
		{371E3CCA-3B9A-4011-AC4A-B6EBC1FF2DAB}.Release|Any CPU.Build.0 = Release|Any CPU
		{371E3CCA-3B9A-4011-AC4A-B6EBC1FF2DAB}.Release|x64.ActiveCfg = Release|Any CPU
		{371E3CCA-3B9A-4011-AC4A-B6EBC1FF2DAB}.Release|x64.Build.0 = Release|Any CPU
		{371E3CCA-3B9A-4011-AC4A-B6EBC1FF2DAB}.Release|x86.ActiveCfg = Release|Any CPU
		{371E3CCA-3B9A-4011-AC4A-B6EBC1FF2DAB}.Release|x86.Build.0 = Release|Any CPU
		{AF792471-F681-4EBB-ADA2-5C9DCEFE3DBA}.Debug|Any CPU.ActiveCfg = Debug|Any CPU
		{AF792471-F681-4EBB-ADA2-5C9DCEFE3DBA}.Debug|Any CPU.Build.0 = Debug|Any CPU
		{AF792471-F681-4EBB-ADA2-5C9DCEFE3DBA}.Debug|x64.ActiveCfg = Debug|Any CPU
		{AF792471-F681-4EBB-ADA2-5C9DCEFE3DBA}.Debug|x64.Build.0 = Debug|Any CPU
		{AF792471-F681-4EBB-ADA2-5C9DCEFE3DBA}.Debug|x86.ActiveCfg = Debug|Any CPU
		{AF792471-F681-4EBB-ADA2-5C9DCEFE3DBA}.Debug|x86.Build.0 = Debug|Any CPU
		{AF792471-F681-4EBB-ADA2-5C9DCEFE3DBA}.Release|Any CPU.ActiveCfg = Release|Any CPU
		{AF792471-F681-4EBB-ADA2-5C9DCEFE3DBA}.Release|Any CPU.Build.0 = Release|Any CPU
		{AF792471-F681-4EBB-ADA2-5C9DCEFE3DBA}.Release|x64.ActiveCfg = Release|Any CPU
		{AF792471-F681-4EBB-ADA2-5C9DCEFE3DBA}.Release|x64.Build.0 = Release|Any CPU
		{AF792471-F681-4EBB-ADA2-5C9DCEFE3DBA}.Release|x86.ActiveCfg = Release|Any CPU
		{AF792471-F681-4EBB-ADA2-5C9DCEFE3DBA}.Release|x86.Build.0 = Release|Any CPU
	EndGlobalSection
	GlobalSection(SolutionProperties) = preSolution
		HideSolutionNode = FALSE
	EndGlobalSection
	GlobalSection(NestedProjects) = preSolution
		{D0ED16FF-5F65-4801-A3F4-5115D73700A5} = {827E0CD3-B72D-47B6-A68D-7590B98EB39B}
		{1794719D-8716-4CDE-A034-BCEEF3828A11} = {827E0CD3-B72D-47B6-A68D-7590B98EB39B}
		{DE126E0A-DD7B-4910-BFBE-7F6A5782A79D} = {827E0CD3-B72D-47B6-A68D-7590B98EB39B}
		{F57040A3-3E5B-4B02-9553-EC5C93829818} = {827E0CD3-B72D-47B6-A68D-7590B98EB39B}
		{9EA873ED-E3ED-4A31-9DAC-8D4753FFFE43} = {827E0CD3-B72D-47B6-A68D-7590B98EB39B}
		{6656E3D0-9130-4D99-9A73-6AD36E02384D} = {827E0CD3-B72D-47B6-A68D-7590B98EB39B}
		{DF5AA03A-9A99-4B7F-91A6-316A3AA0661D} = {827E0CD3-B72D-47B6-A68D-7590B98EB39B}
		{65131882-DAC9-42DC-B145-2BD664244EDB} = {0AB3BF05-4346-4AA6-1389-037BE0695223}
		{371E3CCA-3B9A-4011-AC4A-B6EBC1FF2DAB} = {0AB3BF05-4346-4AA6-1389-037BE0695223}
		{AF792471-F681-4EBB-ADA2-5C9DCEFE3DBA} = {0AB3BF05-4346-4AA6-1389-037BE0695223}
	EndGlobalSection
EndGlobal
